// !$*UTF8*$!
{
	archiveVersion = 1;
	classes = {
	};
	objectVersion = 50;
	objects = {

/* Begin PBXBuildFile section */
		8A1FC59A25121C6D00658765 /* AppDelegate.swift in Sources */ = {isa = PBXBuildFile; fileRef = 8A1FC59925121C6D00658765 /* AppDelegate.swift */; };
		8A1FC59C25121C6D00658765 /* SceneDelegate.swift in Sources */ = {isa = PBXBuildFile; fileRef = 8A1FC59B25121C6D00658765 /* SceneDelegate.swift */; };
		8A1FC5A325121C6F00658765 /* Assets.xcassets in Resources */ = {isa = PBXBuildFile; fileRef = 8A1FC5A225121C6F00658765 /* Assets.xcassets */; };
		8A1FC5A625121C6F00658765 /* LaunchScreen.storyboard in Resources */ = {isa = PBXBuildFile; fileRef = 8A1FC5A425121C6F00658765 /* LaunchScreen.storyboard */; };
		8A1FC5B525121DE500658765 /* Data.swift in Sources */ = {isa = PBXBuildFile; fileRef = 8A1FC5B425121DE500658765 /* Data.swift */; };
		8A1FC5B72512256500658765 /* PeopleListViewModel.swift in Sources */ = {isa = PBXBuildFile; fileRef = 8A1FC5B62512256500658765 /* PeopleListViewModel.swift */; };
		8A1FC5B92512257500658765 /* PeopleListViewController.swift in Sources */ = {isa = PBXBuildFile; fileRef = 8A1FC5B82512257500658765 /* PeopleListViewController.swift */; };
		8A1FC5BB2512258000658765 /* PeopleViewModel.swift in Sources */ = {isa = PBXBuildFile; fileRef = 8A1FC5BA2512258000658765 /* PeopleViewModel.swift */; };
		8A1FC5BD2512258A00658765 /* PeopleViewController.swift in Sources */ = {isa = PBXBuildFile; fileRef = 8A1FC5BC2512258A00658765 /* PeopleViewController.swift */; };
		8A1FC5C02512380E00658765 /* PeopleListCellViewModel.swift in Sources */ = {isa = PBXBuildFile; fileRef = 8A1FC5BF2512380E00658765 /* PeopleListCellViewModel.swift */; };
		8A1FC5C22512399E00658765 /* PeopleDataManager.swift in Sources */ = {isa = PBXBuildFile; fileRef = 8A1FC5C12512399E00658765 /* PeopleDataManager.swift */; };
		8A1FC5C62512419800658765 /* PeopleListCell.swift in Sources */ = {isa = PBXBuildFile; fileRef = 8A1FC5C52512419800658765 /* PeopleListCell.swift */; };
		8A1FC5C92512454B00658765 /* Describing.swift in Sources */ = {isa = PBXBuildFile; fileRef = 8A1FC5C82512454B00658765 /* Describing.swift */; };
		8A1FC5CB2512474800658765 /* Collection.swift in Sources */ = {isa = PBXBuildFile; fileRef = 8A1FC5CA2512474800658765 /* Collection.swift */; };
		8A1FC5CF25124D3400658765 /* input.plist in Resources */ = {isa = PBXBuildFile; fileRef = 8A1FC5CE25124D3400658765 /* input.plist */; };
		8A1FC5D125124F5700658765 /* People.storyboard in Resources */ = {isa = PBXBuildFile; fileRef = 8A1FC5D025124F5700658765 /* People.storyboard */; };
		8A1FC5D42512571A00658765 /* FieldCellViewModel.swift in Sources */ = {isa = PBXBuildFile; fileRef = 8A1FC5D32512571A00658765 /* FieldCellViewModel.swift */; };
		8A1FC5D62512573200658765 /* FieldCell.swift in Sources */ = {isa = PBXBuildFile; fileRef = 8A1FC5D52512573200658765 /* FieldCell.swift */; };
		8A1FC5D82512738700658765 /* TextField.swift in Sources */ = {isa = PBXBuildFile; fileRef = 8A1FC5D72512738700658765 /* TextField.swift */; };
		8A1FC5DC2512763700658765 /* Date.swift in Sources */ = {isa = PBXBuildFile; fileRef = 8A1FC5DB2512763700658765 /* Date.swift */; };
/* End PBXBuildFile section */

/* Begin PBXFileReference section */
		8A1FC59625121C6D00658765 /* Test Fields.app */ = {isa = PBXFileReference; explicitFileType = wrapper.application; includeInIndex = 0; path = "Test Fields.app"; sourceTree = BUILT_PRODUCTS_DIR; };
		8A1FC59925121C6D00658765 /* AppDelegate.swift */ = {isa = PBXFileReference; lastKnownFileType = sourcecode.swift; path = AppDelegate.swift; sourceTree = "<group>"; };
		8A1FC59B25121C6D00658765 /* SceneDelegate.swift */ = {isa = PBXFileReference; lastKnownFileType = sourcecode.swift; path = SceneDelegate.swift; sourceTree = "<group>"; };
		8A1FC5A225121C6F00658765 /* Assets.xcassets */ = {isa = PBXFileReference; lastKnownFileType = folder.assetcatalog; path = Assets.xcassets; sourceTree = "<group>"; };
		8A1FC5A525121C6F00658765 /* Base */ = {isa = PBXFileReference; lastKnownFileType = file.storyboard; name = Base; path = Base.lproj/LaunchScreen.storyboard; sourceTree = "<group>"; };
		8A1FC5A725121C6F00658765 /* Info.plist */ = {isa = PBXFileReference; lastKnownFileType = text.plist.xml; path = Info.plist; sourceTree = "<group>"; };
		8A1FC5B425121DE500658765 /* Data.swift */ = {isa = PBXFileReference; lastKnownFileType = sourcecode.swift; path = Data.swift; sourceTree = "<group>"; };
		8A1FC5B62512256500658765 /* PeopleListViewModel.swift */ = {isa = PBXFileReference; lastKnownFileType = sourcecode.swift; path = PeopleListViewModel.swift; sourceTree = "<group>"; };
		8A1FC5B82512257500658765 /* PeopleListViewController.swift */ = {isa = PBXFileReference; lastKnownFileType = sourcecode.swift; path = PeopleListViewController.swift; sourceTree = "<group>"; };
		8A1FC5BA2512258000658765 /* PeopleViewModel.swift */ = {isa = PBXFileReference; lastKnownFileType = sourcecode.swift; path = PeopleViewModel.swift; sourceTree = "<group>"; };
		8A1FC5BC2512258A00658765 /* PeopleViewController.swift */ = {isa = PBXFileReference; lastKnownFileType = sourcecode.swift; path = PeopleViewController.swift; sourceTree = "<group>"; };
		8A1FC5BF2512380E00658765 /* PeopleListCellViewModel.swift */ = {isa = PBXFileReference; lastKnownFileType = sourcecode.swift; path = PeopleListCellViewModel.swift; sourceTree = "<group>"; };
		8A1FC5C12512399E00658765 /* PeopleDataManager.swift */ = {isa = PBXFileReference; lastKnownFileType = sourcecode.swift; path = PeopleDataManager.swift; sourceTree = "<group>"; };
		8A1FC5C52512419800658765 /* PeopleListCell.swift */ = {isa = PBXFileReference; lastKnownFileType = sourcecode.swift; path = PeopleListCell.swift; sourceTree = "<group>"; };
		8A1FC5C82512454B00658765 /* Describing.swift */ = {isa = PBXFileReference; lastKnownFileType = sourcecode.swift; path = Describing.swift; sourceTree = "<group>"; };
		8A1FC5CA2512474800658765 /* Collection.swift */ = {isa = PBXFileReference; lastKnownFileType = sourcecode.swift; path = Collection.swift; sourceTree = "<group>"; };
		8A1FC5CE25124D3400658765 /* input.plist */ = {isa = PBXFileReference; fileEncoding = 4; lastKnownFileType = text.plist.xml; path = input.plist; sourceTree = "<group>"; };
		8A1FC5D025124F5700658765 /* People.storyboard */ = {isa = PBXFileReference; lastKnownFileType = file.storyboard; path = People.storyboard; sourceTree = "<group>"; };
		8A1FC5D32512571A00658765 /* FieldCellViewModel.swift */ = {isa = PBXFileReference; lastKnownFileType = sourcecode.swift; path = FieldCellViewModel.swift; sourceTree = "<group>"; };
		8A1FC5D52512573200658765 /* FieldCell.swift */ = {isa = PBXFileReference; lastKnownFileType = sourcecode.swift; path = FieldCell.swift; sourceTree = "<group>"; };
		8A1FC5D72512738700658765 /* TextField.swift */ = {isa = PBXFileReference; lastKnownFileType = sourcecode.swift; path = TextField.swift; sourceTree = "<group>"; };
		8A1FC5DB2512763700658765 /* Date.swift */ = {isa = PBXFileReference; lastKnownFileType = sourcecode.swift; path = Date.swift; sourceTree = "<group>"; };
/* End PBXFileReference section */

/* Begin PBXFrameworksBuildPhase section */
		8A1FC59325121C6D00658765 /* Frameworks */ = {
			isa = PBXFrameworksBuildPhase;
			buildActionMask = 2147483647;
			files = (
			);
			runOnlyForDeploymentPostprocessing = 0;
		};
/* End PBXFrameworksBuildPhase section */

/* Begin PBXGroup section */
		8A1FC58D25121C6D00658765 = {
			isa = PBXGroup;
			children = (
				8A1FC59825121C6D00658765 /* Test Fields */,
				8A1FC59725121C6D00658765 /* Products */,
			);
			sourceTree = "<group>";
		};
		8A1FC59725121C6D00658765 /* Products */ = {
			isa = PBXGroup;
			children = (
				8A1FC59625121C6D00658765 /* Test Fields.app */,
			);
			name = Products;
			sourceTree = "<group>";
		};
		8A1FC59825121C6D00658765 /* Test Fields */ = {
			isa = PBXGroup;
			children = (
				8A1FC5C72512453A00658765 /* Extenstion */,
				8A1FC5B025121D0600658765 /* People */,
				8A1FC59925121C6D00658765 /* AppDelegate.swift */,
				8A1FC59B25121C6D00658765 /* SceneDelegate.swift */,
				8A1FC5CE25124D3400658765 /* input.plist */,
				8A1FC5A225121C6F00658765 /* Assets.xcassets */,
				8A1FC5A425121C6F00658765 /* LaunchScreen.storyboard */,
				8A1FC5A725121C6F00658765 /* Info.plist */,
			);
			path = "Test Fields";
			sourceTree = "<group>";
		};
		8A1FC5B025121D0600658765 /* People */ = {
			isa = PBXGroup;
			children = (
				8A1FC5B325121DDB00658765 /* Data */,
				8A1FC5B225121D4000658765 /* People Screen */,
				8A1FC5B125121D2D00658765 /* People List Screen */,
				8A1FC5D025124F5700658765 /* People.storyboard */,
			);
			path = People;
			sourceTree = "<group>";
		};
		8A1FC5B125121D2D00658765 /* People List Screen */ = {
			isa = PBXGroup;
			children = (
				8A1FC5B62512256500658765 /* PeopleListViewModel.swift */,
				8A1FC5B82512257500658765 /* PeopleListViewController.swift */,
				8A1FC5BE251237FC00658765 /* Cell */,
			);
			path = "People List Screen";
			sourceTree = "<group>";
		};
		8A1FC5B225121D4000658765 /* People Screen */ = {
			isa = PBXGroup;
			children = (
				8A1FC5BA2512258000658765 /* PeopleViewModel.swift */,
				8A1FC5BC2512258A00658765 /* PeopleViewController.swift */,
				8A1FC5D22512570700658765 /* Cell */,
			);
			path = "People Screen";
			sourceTree = "<group>";
		};
		8A1FC5B325121DDB00658765 /* Data */ = {
			isa = PBXGroup;
			children = (
				8A1FC5B425121DE500658765 /* Data.swift */,
				8A1FC5C12512399E00658765 /* PeopleDataManager.swift */,
			);
			path = Data;
			sourceTree = "<group>";
		};
		8A1FC5BE251237FC00658765 /* Cell */ = {
			isa = PBXGroup;
			children = (
				8A1FC5BF2512380E00658765 /* PeopleListCellViewModel.swift */,
				8A1FC5C52512419800658765 /* PeopleListCell.swift */,
			);
			path = Cell;
			sourceTree = "<group>";
		};
		8A1FC5C72512453A00658765 /* Extenstion */ = {
			isa = PBXGroup;
			children = (
				8A1FC5DB2512763700658765 /* Date.swift */,
				8A1FC5C82512454B00658765 /* Describing.swift */,
				8A1FC5CA2512474800658765 /* Collection.swift */,
				8A1FC5D72512738700658765 /* TextField.swift */,
			);
			path = Extenstion;
			sourceTree = "<group>";
		};
		8A1FC5D22512570700658765 /* Cell */ = {
			isa = PBXGroup;
			children = (
				8A1FC5D32512571A00658765 /* FieldCellViewModel.swift */,
				8A1FC5D52512573200658765 /* FieldCell.swift */,
			);
			path = Cell;
			sourceTree = "<group>";
		};
/* End PBXGroup section */

/* Begin PBXNativeTarget section */
		8A1FC59525121C6D00658765 /* Test Fields */ = {
			isa = PBXNativeTarget;
			buildConfigurationList = 8A1FC5AA25121C6F00658765 /* Build configuration list for PBXNativeTarget "Test Fields" */;
			buildPhases = (
				8A1FC59225121C6D00658765 /* Sources */,
				8A1FC59325121C6D00658765 /* Frameworks */,
				8A1FC59425121C6D00658765 /* Resources */,
			);
			buildRules = (
			);
			dependencies = (
			);
			name = "Test Fields";
			productName = "Test Fields";
			productReference = 8A1FC59625121C6D00658765 /* Test Fields.app */;
			productType = "com.apple.product-type.application";
		};
/* End PBXNativeTarget section */

/* Begin PBXProject section */
		8A1FC58E25121C6D00658765 /* Project object */ = {
			isa = PBXProject;
			attributes = {
				LastSwiftUpdateCheck = 1170;
				LastUpgradeCheck = 1170;
				ORGANIZATIONNAME = "Danil Pestov";
				TargetAttributes = {
					8A1FC59525121C6D00658765 = {
						CreatedOnToolsVersion = 11.7;
					};
				};
			};
			buildConfigurationList = 8A1FC59125121C6D00658765 /* Build configuration list for PBXProject "Test Fields" */;
			compatibilityVersion = "Xcode 9.3";
			developmentRegion = en;
			hasScannedForEncodings = 0;
			knownRegions = (
				en,
				Base,
			);
			mainGroup = 8A1FC58D25121C6D00658765;
			productRefGroup = 8A1FC59725121C6D00658765 /* Products */;
			projectDirPath = "";
			projectRoot = "";
			targets = (
				8A1FC59525121C6D00658765 /* Test Fields */,
			);
		};
/* End PBXProject section */

/* Begin PBXResourcesBuildPhase section */
		8A1FC59425121C6D00658765 /* Resources */ = {
			isa = PBXResourcesBuildPhase;
			buildActionMask = 2147483647;
			files = (
				8A1FC5A625121C6F00658765 /* LaunchScreen.storyboard in Resources */,
				8A1FC5D125124F5700658765 /* People.storyboard in Resources */,
				8A1FC5CF25124D3400658765 /* input.plist in Resources */,
				8A1FC5A325121C6F00658765 /* Assets.xcassets in Resources */,
			);
			runOnlyForDeploymentPostprocessing = 0;
		};
/* End PBXResourcesBuildPhase section */

/* Begin PBXSourcesBuildPhase section */
		8A1FC59225121C6D00658765 /* Sources */ = {
			isa = PBXSourcesBuildPhase;
			buildActionMask = 2147483647;
			files = (
				8A1FC5B92512257500658765 /* PeopleListViewController.swift in Sources */,
				8A1FC5BD2512258A00658765 /* PeopleViewController.swift in Sources */,
				8A1FC5BB2512258000658765 /* PeopleViewModel.swift in Sources */,
				8A1FC5DC2512763700658765 /* Date.swift in Sources */,
				8A1FC5D82512738700658765 /* TextField.swift in Sources */,
				8A1FC5CB2512474800658765 /* Collection.swift in Sources */,
				8A1FC59A25121C6D00658765 /* AppDelegate.swift in Sources */,
				8A1FC5C62512419800658765 /* PeopleListCell.swift in Sources */,
				8A1FC5D62512573200658765 /* FieldCell.swift in Sources */,
				8A1FC5B72512256500658765 /* PeopleListViewModel.swift in Sources */,
				8A1FC5C02512380E00658765 /* PeopleListCellViewModel.swift in Sources */,
				8A1FC5B525121DE500658765 /* Data.swift in Sources */,
				8A1FC5C22512399E00658765 /* PeopleDataManager.swift in Sources */,
				8A1FC5D42512571A00658765 /* FieldCellViewModel.swift in Sources */,
				8A1FC59C25121C6D00658765 /* SceneDelegate.swift in Sources */,
				8A1FC5C92512454B00658765 /* Describing.swift in Sources */,
			);
			runOnlyForDeploymentPostprocessing = 0;
		};
/* End PBXSourcesBuildPhase section */

/* Begin PBXVariantGroup section */
		8A1FC5A425121C6F00658765 /* LaunchScreen.storyboard */ = {
			isa = PBXVariantGroup;
			children = (
				8A1FC5A525121C6F00658765 /* Base */,
			);
			name = LaunchScreen.storyboard;
			sourceTree = "<group>";
		};
/* End PBXVariantGroup section */

/* Begin XCBuildConfiguration section */
		8A1FC5A825121C6F00658765 /* Debug */ = {
			isa = XCBuildConfiguration;
			buildSettings = {
				ALWAYS_SEARCH_USER_PATHS = NO;
				CLANG_ANALYZER_NONNULL = YES;
				CLANG_ANALYZER_NUMBER_OBJECT_CONVERSION = YES_AGGRESSIVE;
				CLANG_CXX_LANGUAGE_STANDARD = "gnu++14";
				CLANG_CXX_LIBRARY = "libc++";
				CLANG_ENABLE_MODULES = YES;
				CLANG_ENABLE_OBJC_ARC = YES;
				CLANG_ENABLE_OBJC_WEAK = YES;
				CLANG_WARN_BLOCK_CAPTURE_AUTORELEASING = YES;
				CLANG_WARN_BOOL_CONVERSION = YES;
				CLANG_WARN_COMMA = YES;
				CLANG_WARN_CONSTANT_CONVERSION = YES;
				CLANG_WARN_DEPRECATED_OBJC_IMPLEMENTATIONS = YES;
				CLANG_WARN_DIRECT_OBJC_ISA_USAGE = YES_ERROR;
				CLANG_WARN_DOCUMENTATION_COMMENTS = YES;
				CLANG_WARN_EMPTY_BODY = YES;
				CLANG_WARN_ENUM_CONVERSION = YES;
				CLANG_WARN_INFINITE_RECURSION = YES;
				CLANG_WARN_INT_CONVERSION = YES;
				CLANG_WARN_NON_LITERAL_NULL_CONVERSION = YES;
				CLANG_WARN_OBJC_IMPLICIT_RETAIN_SELF = YES;
				CLANG_WARN_OBJC_LITERAL_CONVERSION = YES;
				CLANG_WARN_OBJC_ROOT_CLASS = YES_ERROR;
				CLANG_WARN_RANGE_LOOP_ANALYSIS = YES;
				CLANG_WARN_STRICT_PROTOTYPES = YES;
				CLANG_WARN_SUSPICIOUS_MOVE = YES;
				CLANG_WARN_UNGUARDED_AVAILABILITY = YES_AGGRESSIVE;
				CLANG_WARN_UNREACHABLE_CODE = YES;
				CLANG_WARN__DUPLICATE_METHOD_MATCH = YES;
				COPY_PHASE_STRIP = NO;
				DEBUG_INFORMATION_FORMAT = dwarf;
				ENABLE_STRICT_OBJC_MSGSEND = YES;
				ENABLE_TESTABILITY = YES;
				GCC_C_LANGUAGE_STANDARD = gnu11;
				GCC_DYNAMIC_NO_PIC = NO;
				GCC_NO_COMMON_BLOCKS = YES;
				GCC_OPTIMIZATION_LEVEL = 0;
				GCC_PREPROCESSOR_DEFINITIONS = (
					"DEBUG=1",
					"$(inherited)",
				);
				GCC_WARN_64_TO_32_BIT_CONVERSION = YES;
				GCC_WARN_ABOUT_RETURN_TYPE = YES_ERROR;
				GCC_WARN_UNDECLARED_SELECTOR = YES;
				GCC_WARN_UNINITIALIZED_AUTOS = YES_AGGRESSIVE;
				GCC_WARN_UNUSED_FUNCTION = YES;
				GCC_WARN_UNUSED_VARIABLE = YES;
				IPHONEOS_DEPLOYMENT_TARGET = 13.7;
				MTL_ENABLE_DEBUG_INFO = INCLUDE_SOURCE;
				MTL_FAST_MATH = YES;
				ONLY_ACTIVE_ARCH = YES;
				SDKROOT = iphoneos;
				SWIFT_ACTIVE_COMPILATION_CONDITIONS = DEBUG;
				SWIFT_OPTIMIZATION_LEVEL = "-Onone";
			};
			name = Debug;
		};
		8A1FC5A925121C6F00658765 /* Release */ = {
			isa = XCBuildConfiguration;
			buildSettings = {
				ALWAYS_SEARCH_USER_PATHS = NO;
				CLANG_ANALYZER_NONNULL = YES;
				CLANG_ANALYZER_NUMBER_OBJECT_CONVERSION = YES_AGGRESSIVE;
				CLANG_CXX_LANGUAGE_STANDARD = "gnu++14";
				CLANG_CXX_LIBRARY = "libc++";
				CLANG_ENABLE_MODULES = YES;
				CLANG_ENABLE_OBJC_ARC = YES;
				CLANG_ENABLE_OBJC_WEAK = YES;
				CLANG_WARN_BLOCK_CAPTURE_AUTORELEASING = YES;
				CLANG_WARN_BOOL_CONVERSION = YES;
				CLANG_WARN_COMMA = YES;
				CLANG_WARN_CONSTANT_CONVERSION = YES;
				CLANG_WARN_DEPRECATED_OBJC_IMPLEMENTATIONS = YES;
				CLANG_WARN_DIRECT_OBJC_ISA_USAGE = YES_ERROR;
				CLANG_WARN_DOCUMENTATION_COMMENTS = YES;
				CLANG_WARN_EMPTY_BODY = YES;
				CLANG_WARN_ENUM_CONVERSION = YES;
				CLANG_WARN_INFINITE_RECURSION = YES;
				CLANG_WARN_INT_CONVERSION = YES;
				CLANG_WARN_NON_LITERAL_NULL_CONVERSION = YES;
				CLANG_WARN_OBJC_IMPLICIT_RETAIN_SELF = YES;
				CLANG_WARN_OBJC_LITERAL_CONVERSION = YES;
				CLANG_WARN_OBJC_ROOT_CLASS = YES_ERROR;
				CLANG_WARN_RANGE_LOOP_ANALYSIS = YES;
				CLANG_WARN_STRICT_PROTOTYPES = YES;
				CLANG_WARN_SUSPICIOUS_MOVE = YES;
				CLANG_WARN_UNGUARDED_AVAILABILITY = YES_AGGRESSIVE;
				CLANG_WARN_UNREACHABLE_CODE = YES;
				CLANG_WARN__DUPLICATE_METHOD_MATCH = YES;
				COPY_PHASE_STRIP = NO;
				DEBUG_INFORMATION_FORMAT = "dwarf-with-dsym";
				ENABLE_NS_ASSERTIONS = NO;
				ENABLE_STRICT_OBJC_MSGSEND = YES;
				GCC_C_LANGUAGE_STANDARD = gnu11;
				GCC_NO_COMMON_BLOCKS = YES;
				GCC_WARN_64_TO_32_BIT_CONVERSION = YES;
				GCC_WARN_ABOUT_RETURN_TYPE = YES_ERROR;
				GCC_WARN_UNDECLARED_SELECTOR = YES;
				GCC_WARN_UNINITIALIZED_AUTOS = YES_AGGRESSIVE;
				GCC_WARN_UNUSED_FUNCTION = YES;
				GCC_WARN_UNUSED_VARIABLE = YES;
				IPHONEOS_DEPLOYMENT_TARGET = 13.7;
				MTL_ENABLE_DEBUG_INFO = NO;
				MTL_FAST_MATH = YES;
				SDKROOT = iphoneos;
				SWIFT_COMPILATION_MODE = wholemodule;
				SWIFT_OPTIMIZATION_LEVEL = "-O";
				VALIDATE_PRODUCT = YES;
			};
			name = Release;
		};
		8A1FC5AB25121C6F00658765 /* Debug */ = {
			isa = XCBuildConfiguration;
			buildSettings = {
				ASSETCATALOG_COMPILER_APPICON_NAME = AppIcon;
				CODE_SIGN_STYLE = Automatic;
				DEVELOPMENT_TEAM = HJQH8ETNCF;
				INFOPLIST_FILE = "Test Fields/Info.plist";
				LD_RUNPATH_SEARCH_PATHS = (
					"$(inherited)",
					"@executable_path/Frameworks",
				);
				PRODUCT_BUNDLE_IDENTIFIER = "ru.hokmt.Test-Fields";
				PRODUCT_NAME = "$(TARGET_NAME)";
				SWIFT_VERSION = 5.0;
				TARGETED_DEVICE_FAMILY = "1,2";
			};
			name = Debug;
		};
		8A1FC5AC25121C6F00658765 /* Release */ = {
			isa = XCBuildConfiguration;
			buildSettings = {
				ASSETCATALOG_COMPILER_APPICON_NAME = AppIcon;
				CODE_SIGN_STYLE = Automatic;
				DEVELOPMENT_TEAM = HJQH8ETNCF;
				INFOPLIST_FILE = "Test Fields/Info.plist";
				LD_RUNPATH_SEARCH_PATHS = (
					"$(inherited)",
					"@executable_path/Frameworks",
				);
				PRODUCT_BUNDLE_IDENTIFIER = "ru.hokmt.Test-Fields";
				PRODUCT_NAME = "$(TARGET_NAME)";
				SWIFT_VERSION = 5.0;
				TARGETED_DEVICE_FAMILY = "1,2";
			};
			name = Release;
		};
/* End XCBuildConfiguration section */

/* Begin XCConfigurationList section */
		8A1FC59125121C6D00658765 /* Build configuration list for PBXProject "Test Fields" */ = {
			isa = XCConfigurationList;
			buildConfigurations = (
				8A1FC5A825121C6F00658765 /* Debug */,
				8A1FC5A925121C6F00658765 /* Release */,
			);
			defaultConfigurationIsVisible = 0;
			defaultConfigurationName = Release;
		};
		8A1FC5AA25121C6F00658765 /* Build configuration list for PBXNativeTarget "Test Fields" */ = {
			isa = XCConfigurationList;
			buildConfigurations = (
				8A1FC5AB25121C6F00658765 /* Debug */,
				8A1FC5AC25121C6F00658765 /* Release */,
			);
			defaultConfigurationIsVisible = 0;
			defaultConfigurationName = Release;
		};
/* End XCConfigurationList section */
	};
	rootObject = 8A1FC58E25121C6D00658765 /* Project object */;
}
